
Microsoft Visual Studio Solution File, Format Version 12.00
# Visual Studio Version 16
VisualStudioVersion = 16.0.30907.101
MinimumVisualStudioVersion = 10.0.40219.1
Project("{FAE04EC0-301F-11D3-BF4B-00C04F79EFBC}") = "Practice_10", "Practice_10\Practice_10.csproj", "{9053B887-CBA3-4605-9B84-CDC74304435E}"
EndProject
Global
	GlobalSection(SolutionConfigurationPlatforms) = preSolution
		Debug|Any CPU = Debug|Any CPU
		Release|Any CPU = Release|Any CPU
	EndGlobalSection
	GlobalSection(ProjectConfigurationPlatforms) = postSolution
		{9053B887-CBA3-4605-9B84-CDC74304435E}.Debug|Any CPU.ActiveCfg = Debug|Any CPU
		{9053B887-CBA3-4605-9B84-CDC74304435E}.Debug|Any CPU.Build.0 = Debug|Any CPU
		{9053B887-CBA3-4605-9B84-CDC74304435E}.Release|Any CPU.ActiveCfg = Release|Any CPU
		{9053B887-CBA3-4605-9B84-CDC74304435E}.Release|Any CPU.Build.0 = Release|Any CPU
	EndGlobalSection
	GlobalSection(SolutionProperties) = preSolution
		HideSolutionNode = FALSE
	EndGlobalSection
	GlobalSection(ExtensibilityGlobals) = postSolution
		SolutionGuid = {830EBA5E-6321-49A3-A7D0-5F14EAC2A01C}
	EndGlobalSection
EndGlobal
